
Microsoft Visual Studio Solution File, Format Version 12.00
# Visual Studio Version 17
VisualStudioVersion = 17.9.34728.123
MinimumVisualStudioVersion = 10.0.40219.1
Project("{FAE04EC0-301F-11D3-BF4B-00C04F79EFBC}") = "advancedAssignment1Project", "advancedAssignment1Project\advancedAssignment1Project.csproj", "{2955982B-78B1-4A6B-BF19-E4CF9CA8CD9E}"
EndProject
Global
	GlobalSection(SolutionConfigurationPlatforms) = preSolution
		Debug|Any CPU = Debug|Any CPU
		Release|Any CPU = Release|Any CPU
	EndGlobalSection
	GlobalSection(ProjectConfigurationPlatforms) = postSolution
		{2955982B-78B1-4A6B-BF19-E4CF9CA8CD9E}.Debug|Any CPU.ActiveCfg = Debug|Any CPU
		{2955982B-78B1-4A6B-BF19-E4CF9CA8CD9E}.Debug|Any CPU.Build.0 = Debug|Any CPU
		{2955982B-78B1-4A6B-BF19-E4CF9CA8CD9E}.Release|Any CPU.ActiveCfg = Release|Any CPU
		{2955982B-78B1-4A6B-BF19-E4CF9CA8CD9E}.Release|Any CPU.Build.0 = Release|Any CPU
	EndGlobalSection
	GlobalSection(SolutionProperties) = preSolution
		HideSolutionNode = FALSE
	EndGlobalSection
	GlobalSection(ExtensibilityGlobals) = postSolution
		SolutionGuid = {9AC58EDB-7721-49E6-9C0B-58F58E5C26F6}
	EndGlobalSection
EndGlobal
