
Microsoft Visual Studio Solution File, Format Version 12.00
# Visual Studio Version 17
VisualStudioVersion = 17.9.34728.123
MinimumVisualStudioVersion = 10.0.40219.1
Project("{FAE04EC0-301F-11D3-BF4B-00C04F79EFBC}") = "Assignment3", "Assignment3\Assignment3.csproj", "{AC5E143F-3701-4F99-BBB9-5D8CAFF43E41}"
EndProject
Global
	GlobalSection(SolutionConfigurationPlatforms) = preSolution
		Debug|Any CPU = Debug|Any CPU
		Release|Any CPU = Release|Any CPU
	EndGlobalSection
	GlobalSection(ProjectConfigurationPlatforms) = postSolution
		{AC5E143F-3701-4F99-BBB9-5D8CAFF43E41}.Debug|Any CPU.ActiveCfg = Debug|Any CPU
		{AC5E143F-3701-4F99-BBB9-5D8CAFF43E41}.Debug|Any CPU.Build.0 = Debug|Any CPU
		{AC5E143F-3701-4F99-BBB9-5D8CAFF43E41}.Release|Any CPU.ActiveCfg = Release|Any CPU
		{AC5E143F-3701-4F99-BBB9-5D8CAFF43E41}.Release|Any CPU.Build.0 = Release|Any CPU
	EndGlobalSection
	GlobalSection(SolutionProperties) = preSolution
		HideSolutionNode = FALSE
	EndGlobalSection
	GlobalSection(ExtensibilityGlobals) = postSolution
		SolutionGuid = {0E89A13F-3D02-45F8-A866-6C26F5ABD377}
	EndGlobalSection
EndGlobal
