
Microsoft Visual Studio Solution File, Format Version 12.00
# Visual Studio Version 17
VisualStudioVersion = 17.9.34728.123
MinimumVisualStudioVersion = 10.0.40219.1
Project("{FAE04EC0-301F-11D3-BF4B-00C04F79EFBC}") = "EFCoreAssignment01", "EFCoreAssignment01\EFCoreAssignment01.csproj", "{3CAF35CD-1189-4A10-B1BF-3ECA4586C139}"
EndProject
Global
	GlobalSection(SolutionConfigurationPlatforms) = preSolution
		Debug|Any CPU = Debug|Any CPU
		Release|Any CPU = Release|Any CPU
	EndGlobalSection
	GlobalSection(ProjectConfigurationPlatforms) = postSolution
		{3CAF35CD-1189-4A10-B1BF-3ECA4586C139}.Debug|Any CPU.ActiveCfg = Debug|Any CPU
		{3CAF35CD-1189-4A10-B1BF-3ECA4586C139}.Debug|Any CPU.Build.0 = Debug|Any CPU
		{3CAF35CD-1189-4A10-B1BF-3ECA4586C139}.Release|Any CPU.ActiveCfg = Release|Any CPU
		{3CAF35CD-1189-4A10-B1BF-3ECA4586C139}.Release|Any CPU.Build.0 = Release|Any CPU
	EndGlobalSection
	GlobalSection(SolutionProperties) = preSolution
		HideSolutionNode = FALSE
	EndGlobalSection
	GlobalSection(ExtensibilityGlobals) = postSolution
		SolutionGuid = {EF615063-D109-4E61-B821-32A7EC634948}
	EndGlobalSection
EndGlobal
