
Microsoft Visual Studio Solution File, Format Version 12.00
# Visual Studio Version 17
VisualStudioVersion = 17.9.34728.123
MinimumVisualStudioVersion = 10.0.40219.1
Project("{9A19103F-16F7-4668-BE54-9A1E7A4F7556}") = "OOPAssignment2P1", "OOPAssignment2\OOPAssignment2P1.csproj", "{D25DA9C6-CBDA-40A1-A7D8-E9EA4AEEFDE1}"
EndProject
Project("{FAE04EC0-301F-11D3-BF4B-00C04F79EFBC}") = "OOPAssignemnt2P2", "OOPAssignemnt2P2\OOPAssignemnt2P2.csproj", "{BD162170-1FF6-4AFC-AF27-76DF73ADB881}"
EndProject
Project("{FAE04EC0-301F-11D3-BF4B-00C04F79EFBC}") = "OOPAssignment2P3", "OOPAssignment2P3\OOPAssignment2P3.csproj", "{9D48A917-B329-4994-818A-709C6555F940}"
EndProject
Global
	GlobalSection(SolutionConfigurationPlatforms) = preSolution
		Debug|Any CPU = Debug|Any CPU
		Release|Any CPU = Release|Any CPU
	EndGlobalSection
	GlobalSection(ProjectConfigurationPlatforms) = postSolution
		{D25DA9C6-CBDA-40A1-A7D8-E9EA4AEEFDE1}.Debug|Any CPU.ActiveCfg = Debug|Any CPU
		{D25DA9C6-CBDA-40A1-A7D8-E9EA4AEEFDE1}.Debug|Any CPU.Build.0 = Debug|Any CPU
		{D25DA9C6-CBDA-40A1-A7D8-E9EA4AEEFDE1}.Release|Any CPU.ActiveCfg = Release|Any CPU
		{D25DA9C6-CBDA-40A1-A7D8-E9EA4AEEFDE1}.Release|Any CPU.Build.0 = Release|Any CPU
		{BD162170-1FF6-4AFC-AF27-76DF73ADB881}.Debug|Any CPU.ActiveCfg = Debug|Any CPU
		{BD162170-1FF6-4AFC-AF27-76DF73ADB881}.Debug|Any CPU.Build.0 = Debug|Any CPU
		{BD162170-1FF6-4AFC-AF27-76DF73ADB881}.Release|Any CPU.ActiveCfg = Release|Any CPU
		{BD162170-1FF6-4AFC-AF27-76DF73ADB881}.Release|Any CPU.Build.0 = Release|Any CPU
		{9D48A917-B329-4994-818A-709C6555F940}.Debug|Any CPU.ActiveCfg = Debug|Any CPU
		{9D48A917-B329-4994-818A-709C6555F940}.Debug|Any CPU.Build.0 = Debug|Any CPU
		{9D48A917-B329-4994-818A-709C6555F940}.Release|Any CPU.ActiveCfg = Release|Any CPU
		{9D48A917-B329-4994-818A-709C6555F940}.Release|Any CPU.Build.0 = Release|Any CPU
	EndGlobalSection
	GlobalSection(SolutionProperties) = preSolution
		HideSolutionNode = FALSE
	EndGlobalSection
	GlobalSection(ExtensibilityGlobals) = postSolution
		SolutionGuid = {4EE674C0-3336-4930-8C4F-A1539191245C}
	EndGlobalSection
EndGlobal
